// !$*UTF8*$!
{
	archiveVersion = 1;
	classes = {
	};
	objectVersion = 50;
	objects = {

/* Begin PBXBuildFile section */
		7EDB767125B6996A00B80B7D /* AppDelegate.swift in Sources */ = {isa = PBXBuildFile; fileRef = 7EDB767025B6996A00B80B7D /* AppDelegate.swift */; };
		7EDB767325B6996A00B80B7D /* SceneDelegate.swift in Sources */ = {isa = PBXBuildFile; fileRef = 7EDB767225B6996A00B80B7D /* SceneDelegate.swift */; };
		7EDB767825B6996A00B80B7D /* Main.storyboard in Resources */ = {isa = PBXBuildFile; fileRef = 7EDB767625B6996A00B80B7D /* Main.storyboard */; };
		7EDB767B25B6996A00B80B7D /* Task_CoreData.xcdatamodeld in Sources */ = {isa = PBXBuildFile; fileRef = 7EDB767925B6996A00B80B7D /* Task_CoreData.xcdatamodeld */; };
		7EDB767D25B6996D00B80B7D /* Assets.xcassets in Resources */ = {isa = PBXBuildFile; fileRef = 7EDB767C25B6996D00B80B7D /* Assets.xcassets */; };
		7EDB768025B6996D00B80B7D /* LaunchScreen.storyboard in Resources */ = {isa = PBXBuildFile; fileRef = 7EDB767E25B6996D00B80B7D /* LaunchScreen.storyboard */; };
		7EEC0CAC25B7753800063E7E /* TaskListTableViewController.swift in Sources */ = {isa = PBXBuildFile; fileRef = 7EEC0CAB25B7753800063E7E /* TaskListTableViewController.swift */; };
		7EEC0CB025B7756B00063E7E /* TaskDetailViewController.swift in Sources */ = {isa = PBXBuildFile; fileRef = 7EEC0CAF25B7756B00063E7E /* TaskDetailViewController.swift */; };
		7EEC0CB325B775CB00063E7E /* CoreDataStack.swift in Sources */ = {isa = PBXBuildFile; fileRef = 7EEC0CB225B775CB00063E7E /* CoreDataStack.swift */; };
		7EEC0CB625B7760E00063E7E /* Task+Convenience.swift in Sources */ = {isa = PBXBuildFile; fileRef = 7EEC0CB525B7760E00063E7E /* Task+Convenience.swift */; };
		7EEC0CBA25B776C400063E7E /* TaskController.swift in Sources */ = {isa = PBXBuildFile; fileRef = 7EEC0CB925B776C400063E7E /* TaskController.swift */; };
		7EEC0CBE25B777CF00063E7E /* TaskTableViewCell.swift in Sources */ = {isa = PBXBuildFile; fileRef = 7EEC0CBD25B777CF00063E7E /* TaskTableViewCell.swift */; };
/* End PBXBuildFile section */

/* Begin PBXFileReference section */
		7EDB766D25B6996A00B80B7D /* Task-CoreData.app */ = {isa = PBXFileReference; explicitFileType = wrapper.application; includeInIndex = 0; path = "Task-CoreData.app"; sourceTree = BUILT_PRODUCTS_DIR; };
		7EDB767025B6996A00B80B7D /* AppDelegate.swift */ = {isa = PBXFileReference; lastKnownFileType = sourcecode.swift; path = AppDelegate.swift; sourceTree = "<group>"; };
		7EDB767225B6996A00B80B7D /* SceneDelegate.swift */ = {isa = PBXFileReference; lastKnownFileType = sourcecode.swift; path = SceneDelegate.swift; sourceTree = "<group>"; };
		7EDB767725B6996A00B80B7D /* Base */ = {isa = PBXFileReference; lastKnownFileType = file.storyboard; name = Base; path = Base.lproj/Main.storyboard; sourceTree = "<group>"; };
		7EDB767A25B6996A00B80B7D /* Task_CoreData.xcdatamodel */ = {isa = PBXFileReference; lastKnownFileType = wrapper.xcdatamodel; path = Task_CoreData.xcdatamodel; sourceTree = "<group>"; };
		7EDB767C25B6996D00B80B7D /* Assets.xcassets */ = {isa = PBXFileReference; lastKnownFileType = folder.assetcatalog; path = Assets.xcassets; sourceTree = "<group>"; };
		7EDB767F25B6996D00B80B7D /* Base */ = {isa = PBXFileReference; lastKnownFileType = file.storyboard; name = Base; path = Base.lproj/LaunchScreen.storyboard; sourceTree = "<group>"; };
		7EDB768125B6996D00B80B7D /* Info.plist */ = {isa = PBXFileReference; lastKnownFileType = text.plist.xml; path = Info.plist; sourceTree = "<group>"; };
		7EEC0CAB25B7753800063E7E /* TaskListTableViewController.swift */ = {isa = PBXFileReference; lastKnownFileType = sourcecode.swift; path = TaskListTableViewController.swift; sourceTree = "<group>"; };
		7EEC0CAF25B7756B00063E7E /* TaskDetailViewController.swift */ = {isa = PBXFileReference; lastKnownFileType = sourcecode.swift; path = TaskDetailViewController.swift; sourceTree = "<group>"; };
		7EEC0CB225B775CB00063E7E /* CoreDataStack.swift */ = {isa = PBXFileReference; lastKnownFileType = sourcecode.swift; path = CoreDataStack.swift; sourceTree = "<group>"; };
		7EEC0CB525B7760E00063E7E /* Task+Convenience.swift */ = {isa = PBXFileReference; lastKnownFileType = sourcecode.swift; path = "Task+Convenience.swift"; sourceTree = "<group>"; };
		7EEC0CB925B776C400063E7E /* TaskController.swift */ = {isa = PBXFileReference; lastKnownFileType = sourcecode.swift; path = TaskController.swift; sourceTree = "<group>"; };
		7EEC0CBD25B777CF00063E7E /* TaskTableViewCell.swift */ = {isa = PBXFileReference; lastKnownFileType = sourcecode.swift; path = TaskTableViewCell.swift; sourceTree = "<group>"; };
/* End PBXFileReference section */

/* Begin PBXFrameworksBuildPhase section */
		7EDB766A25B6996A00B80B7D /* Frameworks */ = {
			isa = PBXFrameworksBuildPhase;
			buildActionMask = 2147483647;
			files = (
			);
			runOnlyForDeploymentPostprocessing = 0;
		};
/* End PBXFrameworksBuildPhase section */

/* Begin PBXGroup section */
		7EDB766425B6996A00B80B7D = {
			isa = PBXGroup;
			children = (
				7EDB766F25B6996A00B80B7D /* Task-CoreData */,
				7EDB766E25B6996A00B80B7D /* Products */,
			);
			sourceTree = "<group>";
		};
		7EDB766E25B6996A00B80B7D /* Products */ = {
			isa = PBXGroup;
			children = (
				7EDB766D25B6996A00B80B7D /* Task-CoreData.app */,
			);
			name = Products;
			sourceTree = "<group>";
		};
		7EDB766F25B6996A00B80B7D /* Task-CoreData */ = {
			isa = PBXGroup;
			children = (
				7EEC0CB825B776B400063E7E /* Model Controller */,
				7EEC0CAA25B7751B00063E7E /* View Controllers */,
				7EDB768D25B699AA00B80B7D /* CoreData */,
				7EDB768C25B6999F00B80B7D /* Views */,
				7EDB768825B6998900B80B7D /* Resources */,
			);
			path = "Task-CoreData";
			sourceTree = "<group>";
		};
		7EDB768825B6998900B80B7D /* Resources */ = {
			isa = PBXGroup;
			children = (
				7EDB767025B6996A00B80B7D /* AppDelegate.swift */,
				7EDB767225B6996A00B80B7D /* SceneDelegate.swift */,
				7EDB767C25B6996D00B80B7D /* Assets.xcassets */,
				7EDB768125B6996D00B80B7D /* Info.plist */,
			);
			path = Resources;
			sourceTree = "<group>";
		};
		7EDB768B25B6999600B80B7D /* Storyboards */ = {
			isa = PBXGroup;
			children = (
				7EDB767625B6996A00B80B7D /* Main.storyboard */,
				7EDB767E25B6996D00B80B7D /* LaunchScreen.storyboard */,
			);
			path = Storyboards;
			sourceTree = "<group>";
		};
		7EDB768C25B6999F00B80B7D /* Views */ = {
			isa = PBXGroup;
			children = (
				7EEC0CBC25B777B900063E7E /* Custom Cell */,
				7EDB768B25B6999600B80B7D /* Storyboards */,
			);
			path = Views;
			sourceTree = "<group>";
		};
		7EDB768D25B699AA00B80B7D /* CoreData */ = {
			isa = PBXGroup;
			children = (
				7EDB767925B6996A00B80B7D /* Task_CoreData.xcdatamodeld */,
				7EEC0CB225B775CB00063E7E /* CoreDataStack.swift */,
				7EEC0CB525B7760E00063E7E /* Task+Convenience.swift */,
			);
			path = CoreData;
			sourceTree = "<group>";
		};
		7EEC0CAA25B7751B00063E7E /* View Controllers */ = {
			isa = PBXGroup;
			children = (
				7EEC0CAB25B7753800063E7E /* TaskListTableViewController.swift */,
				7EEC0CAF25B7756B00063E7E /* TaskDetailViewController.swift */,
			);
			path = "View Controllers";
			sourceTree = "<group>";
		};
		7EEC0CB825B776B400063E7E /* Model Controller */ = {
			isa = PBXGroup;
			children = (
				7EEC0CB925B776C400063E7E /* TaskController.swift */,
			);
			path = "Model Controller";
			sourceTree = "<group>";
		};
		7EEC0CBC25B777B900063E7E /* Custom Cell */ = {
			isa = PBXGroup;
			children = (
				7EEC0CBD25B777CF00063E7E /* TaskTableViewCell.swift */,
			);
			path = "Custom Cell";
			sourceTree = "<group>";
		};
/* End PBXGroup section */

/* Begin PBXNativeTarget section */
		7EDB766C25B6996A00B80B7D /* Task-CoreData */ = {
			isa = PBXNativeTarget;
			buildConfigurationList = 7EDB768425B6996D00B80B7D /* Build configuration list for PBXNativeTarget "Task-CoreData" */;
			buildPhases = (
				7EDB766925B6996A00B80B7D /* Sources */,
				7EDB766A25B6996A00B80B7D /* Frameworks */,
				7EDB766B25B6996A00B80B7D /* Resources */,
			);
			buildRules = (
			);
			dependencies = (
			);
			name = "Task-CoreData";
			productName = "Task-CoreData";
			productReference = 7EDB766D25B6996A00B80B7D /* Task-CoreData.app */;
			productType = "com.apple.product-type.application";
		};
/* End PBXNativeTarget section */

/* Begin PBXProject section */
		7EDB766525B6996A00B80B7D /* Project object */ = {
			isa = PBXProject;
			attributes = {
				LastSwiftUpdateCheck = 1230;
				LastUpgradeCheck = 1230;
				TargetAttributes = {
					7EDB766C25B6996A00B80B7D = {
						CreatedOnToolsVersion = 12.3;
					};
				};
			};
			buildConfigurationList = 7EDB766825B6996A00B80B7D /* Build configuration list for PBXProject "Task-CoreData" */;
			compatibilityVersion = "Xcode 9.3";
			developmentRegion = en;
			hasScannedForEncodings = 0;
			knownRegions = (
				en,
				Base,
			);
			mainGroup = 7EDB766425B6996A00B80B7D;
			productRefGroup = 7EDB766E25B6996A00B80B7D /* Products */;
			projectDirPath = "";
			projectRoot = "";
			targets = (
				7EDB766C25B6996A00B80B7D /* Task-CoreData */,
			);
		};
/* End PBXProject section */

/* Begin PBXResourcesBuildPhase section */
		7EDB766B25B6996A00B80B7D /* Resources */ = {
			isa = PBXResourcesBuildPhase;
			buildActionMask = 2147483647;
			files = (
				7EDB768025B6996D00B80B7D /* LaunchScreen.storyboard in Resources */,
				7EDB767D25B6996D00B80B7D /* Assets.xcassets in Resources */,
				7EDB767825B6996A00B80B7D /* Main.storyboard in Resources */,
			);
			runOnlyForDeploymentPostprocessing = 0;
		};
/* End PBXResourcesBuildPhase section */

/* Begin PBXSourcesBuildPhase section */
		7EDB766925B6996A00B80B7D /* Sources */ = {
			isa = PBXSourcesBuildPhase;
			buildActionMask = 2147483647;
			files = (
				7EDB767125B6996A00B80B7D /* AppDelegate.swift in Sources */,
				7EDB767325B6996A00B80B7D /* SceneDelegate.swift in Sources */,
				7EEC0CBE25B777CF00063E7E /* TaskTableViewCell.swift in Sources */,
				7EEC0CAC25B7753800063E7E /* TaskListTableViewController.swift in Sources */,
				7EEC0CB625B7760E00063E7E /* Task+Convenience.swift in Sources */,
				7EEC0CB325B775CB00063E7E /* CoreDataStack.swift in Sources */,
				7EDB767B25B6996A00B80B7D /* Task_CoreData.xcdatamodeld in Sources */,
				7EEC0CBA25B776C400063E7E /* TaskController.swift in Sources */,
				7EEC0CB025B7756B00063E7E /* TaskDetailViewController.swift in Sources */,
			);
			runOnlyForDeploymentPostprocessing = 0;
		};
/* End PBXSourcesBuildPhase section */

/* Begin PBXVariantGroup section */
		7EDB767625B6996A00B80B7D /* Main.storyboard */ = {
			isa = PBXVariantGroup;
			children = (
				7EDB767725B6996A00B80B7D /* Base */,
			);
			name = Main.storyboard;
			sourceTree = "<group>";
		};
		7EDB767E25B6996D00B80B7D /* LaunchScreen.storyboard */ = {
			isa = PBXVariantGroup;
			children = (
				7EDB767F25B6996D00B80B7D /* Base */,
			);
			name = LaunchScreen.storyboard;
			sourceTree = "<group>";
		};
/* End PBXVariantGroup section */

/* Begin XCBuildConfiguration section */
		7EDB768225B6996D00B80B7D /* Debug */ = {
			isa = XCBuildConfiguration;
			buildSettings = {
				ALWAYS_SEARCH_USER_PATHS = NO;
				CLANG_ANALYZER_NONNULL = YES;
				CLANG_ANALYZER_NUMBER_OBJECT_CONVERSION = YES_AGGRESSIVE;
				CLANG_CXX_LANGUAGE_STANDARD = "gnu++14";
				CLANG_CXX_LIBRARY = "libc++";
				CLANG_ENABLE_MODULES = YES;
				CLANG_ENABLE_OBJC_ARC = YES;
				CLANG_ENABLE_OBJC_WEAK = YES;
				CLANG_WARN_BLOCK_CAPTURE_AUTORELEASING = YES;
				CLANG_WARN_BOOL_CONVERSION = YES;
				CLANG_WARN_COMMA = YES;
				CLANG_WARN_CONSTANT_CONVERSION = YES;
				CLANG_WARN_DEPRECATED_OBJC_IMPLEMENTATIONS = YES;
				CLANG_WARN_DIRECT_OBJC_ISA_USAGE = YES_ERROR;
				CLANG_WARN_DOCUMENTATION_COMMENTS = YES;
				CLANG_WARN_EMPTY_BODY = YES;
				CLANG_WARN_ENUM_CONVERSION = YES;
				CLANG_WARN_INFINITE_RECURSION = YES;
				CLANG_WARN_INT_CONVERSION = YES;
				CLANG_WARN_NON_LITERAL_NULL_CONVERSION = YES;
				CLANG_WARN_OBJC_IMPLICIT_RETAIN_SELF = YES;
				CLANG_WARN_OBJC_LITERAL_CONVERSION = YES;
				CLANG_WARN_OBJC_ROOT_CLASS = YES_ERROR;
				CLANG_WARN_QUOTED_INCLUDE_IN_FRAMEWORK_HEADER = YES;
				CLANG_WARN_RANGE_LOOP_ANALYSIS = YES;
				CLANG_WARN_STRICT_PROTOTYPES = YES;
				CLANG_WARN_SUSPICIOUS_MOVE = YES;
				CLANG_WARN_UNGUARDED_AVAILABILITY = YES_AGGRESSIVE;
				CLANG_WARN_UNREACHABLE_CODE = YES;
				CLANG_WARN__DUPLICATE_METHOD_MATCH = YES;
				COPY_PHASE_STRIP = NO;
				DEBUG_INFORMATION_FORMAT = dwarf;
				ENABLE_STRICT_OBJC_MSGSEND = YES;
				ENABLE_TESTABILITY = YES;
				GCC_C_LANGUAGE_STANDARD = gnu11;
				GCC_DYNAMIC_NO_PIC = NO;
				GCC_NO_COMMON_BLOCKS = YES;
				GCC_OPTIMIZATION_LEVEL = 0;
				GCC_PREPROCESSOR_DEFINITIONS = (
					"DEBUG=1",
					"$(inherited)",
				);
				GCC_WARN_64_TO_32_BIT_CONVERSION = YES;
				GCC_WARN_ABOUT_RETURN_TYPE = YES_ERROR;
				GCC_WARN_UNDECLARED_SELECTOR = YES;
				GCC_WARN_UNINITIALIZED_AUTOS = YES_AGGRESSIVE;
				GCC_WARN_UNUSED_FUNCTION = YES;
				GCC_WARN_UNUSED_VARIABLE = YES;
				IPHONEOS_DEPLOYMENT_TARGET = 14.3;
				MTL_ENABLE_DEBUG_INFO = INCLUDE_SOURCE;
				MTL_FAST_MATH = YES;
				ONLY_ACTIVE_ARCH = YES;
				SDKROOT = iphoneos;
				SWIFT_ACTIVE_COMPILATION_CONDITIONS = DEBUG;
				SWIFT_OPTIMIZATION_LEVEL = "-Onone";
			};
			name = Debug;
		};
		7EDB768325B6996D00B80B7D /* Release */ = {
			isa = XCBuildConfiguration;
			buildSettings = {
				ALWAYS_SEARCH_USER_PATHS = NO;
				CLANG_ANALYZER_NONNULL = YES;
				CLANG_ANALYZER_NUMBER_OBJECT_CONVERSION = YES_AGGRESSIVE;
				CLANG_CXX_LANGUAGE_STANDARD = "gnu++14";
				CLANG_CXX_LIBRARY = "libc++";
				CLANG_ENABLE_MODULES = YES;
				CLANG_ENABLE_OBJC_ARC = YES;
				CLANG_ENABLE_OBJC_WEAK = YES;
				CLANG_WARN_BLOCK_CAPTURE_AUTORELEASING = YES;
				CLANG_WARN_BOOL_CONVERSION = YES;
				CLANG_WARN_COMMA = YES;
				CLANG_WARN_CONSTANT_CONVERSION = YES;
				CLANG_WARN_DEPRECATED_OBJC_IMPLEMENTATIONS = YES;
				CLANG_WARN_DIRECT_OBJC_ISA_USAGE = YES_ERROR;
				CLANG_WARN_DOCUMENTATION_COMMENTS = YES;
				CLANG_WARN_EMPTY_BODY = YES;
				CLANG_WARN_ENUM_CONVERSION = YES;
				CLANG_WARN_INFINITE_RECURSION = YES;
				CLANG_WARN_INT_CONVERSION = YES;
				CLANG_WARN_NON_LITERAL_NULL_CONVERSION = YES;
				CLANG_WARN_OBJC_IMPLICIT_RETAIN_SELF = YES;
				CLANG_WARN_OBJC_LITERAL_CONVERSION = YES;
				CLANG_WARN_OBJC_ROOT_CLASS = YES_ERROR;
				CLANG_WARN_QUOTED_INCLUDE_IN_FRAMEWORK_HEADER = YES;
				CLANG_WARN_RANGE_LOOP_ANALYSIS = YES;
				CLANG_WARN_STRICT_PROTOTYPES = YES;
				CLANG_WARN_SUSPICIOUS_MOVE = YES;
				CLANG_WARN_UNGUARDED_AVAILABILITY = YES_AGGRESSIVE;
				CLANG_WARN_UNREACHABLE_CODE = YES;
				CLANG_WARN__DUPLICATE_METHOD_MATCH = YES;
				COPY_PHASE_STRIP = NO;
				DEBUG_INFORMATION_FORMAT = "dwarf-with-dsym";
				ENABLE_NS_ASSERTIONS = NO;
				ENABLE_STRICT_OBJC_MSGSEND = YES;
				GCC_C_LANGUAGE_STANDARD = gnu11;
				GCC_NO_COMMON_BLOCKS = YES;
				GCC_WARN_64_TO_32_BIT_CONVERSION = YES;
				GCC_WARN_ABOUT_RETURN_TYPE = YES_ERROR;
				GCC_WARN_UNDECLARED_SELECTOR = YES;
				GCC_WARN_UNINITIALIZED_AUTOS = YES_AGGRESSIVE;
				GCC_WARN_UNUSED_FUNCTION = YES;
				GCC_WARN_UNUSED_VARIABLE = YES;
				IPHONEOS_DEPLOYMENT_TARGET = 14.3;
				MTL_ENABLE_DEBUG_INFO = NO;
				MTL_FAST_MATH = YES;
				SDKROOT = iphoneos;
				SWIFT_COMPILATION_MODE = wholemodule;
				SWIFT_OPTIMIZATION_LEVEL = "-O";
				VALIDATE_PRODUCT = YES;
			};
			name = Release;
		};
		7EDB768525B6996D00B80B7D /* Debug */ = {
			isa = XCBuildConfiguration;
			buildSettings = {
				ASSETCATALOG_COMPILER_APPICON_NAME = AppIcon;
				ASSETCATALOG_COMPILER_GLOBAL_ACCENT_COLOR_NAME = AccentColor;
				CODE_SIGN_STYLE = Automatic;
				DEVELOPMENT_TEAM = KMTDCPCY5V;
				INFOPLIST_FILE = "Task-CoreData/Resources/Info.plist";
				LD_RUNPATH_SEARCH_PATHS = (
					"$(inherited)",
					"@executable_path/Frameworks",
				);
				PRODUCT_BUNDLE_IDENTIFIER = "com.CameronStuart.Task-CoreData";
				PRODUCT_NAME = "$(TARGET_NAME)";
				SWIFT_VERSION = 5.0;
				TARGETED_DEVICE_FAMILY = "1,2";
			};
			name = Debug;
		};
		7EDB768625B6996D00B80B7D /* Release */ = {
			isa = XCBuildConfiguration;
			buildSettings = {
				ASSETCATALOG_COMPILER_APPICON_NAME = AppIcon;
				ASSETCATALOG_COMPILER_GLOBAL_ACCENT_COLOR_NAME = AccentColor;
				CODE_SIGN_STYLE = Automatic;
				DEVELOPMENT_TEAM = KMTDCPCY5V;
				INFOPLIST_FILE = "Task-CoreData/Resources/Info.plist";
				LD_RUNPATH_SEARCH_PATHS = (
					"$(inherited)",
					"@executable_path/Frameworks",
				);
				PRODUCT_BUNDLE_IDENTIFIER = "com.CameronStuart.Task-CoreData";
				PRODUCT_NAME = "$(TARGET_NAME)";
				SWIFT_VERSION = 5.0;
				TARGETED_DEVICE_FAMILY = "1,2";
			};
			name = Release;
		};
/* End XCBuildConfiguration section */

/* Begin XCConfigurationList section */
		7EDB766825B6996A00B80B7D /* Build configuration list for PBXProject "Task-CoreData" */ = {
			isa = XCConfigurationList;
			buildConfigurations = (
				7EDB768225B6996D00B80B7D /* Debug */,
				7EDB768325B6996D00B80B7D /* Release */,
			);
			defaultConfigurationIsVisible = 0;
			defaultConfigurationName = Release;
		};
		7EDB768425B6996D00B80B7D /* Build configuration list for PBXNativeTarget "Task-CoreData" */ = {
			isa = XCConfigurationList;
			buildConfigurations = (
				7EDB768525B6996D00B80B7D /* Debug */,
				7EDB768625B6996D00B80B7D /* Release */,
			);
			defaultConfigurationIsVisible = 0;
			defaultConfigurationName = Release;
		};
/* End XCConfigurationList section */

/* Begin XCVersionGroup section */
		7EDB767925B6996A00B80B7D /* Task_CoreData.xcdatamodeld */ = {
			isa = XCVersionGroup;
			children = (
				7EDB767A25B6996A00B80B7D /* Task_CoreData.xcdatamodel */,
			);
			currentVersion = 7EDB767A25B6996A00B80B7D /* Task_CoreData.xcdatamodel */;
			path = Task_CoreData.xcdatamodeld;
			sourceTree = "<group>";
			versionGroupType = wrapper.xcdatamodel;
		};
/* End XCVersionGroup section */
	};
	rootObject = 7EDB766525B6996A00B80B7D /* Project object */;
}
